Microsoft Visual Studio Solution File, Format Version 12.00
# Visual Studio 15
VisualStudioVersion = 15.0.27130.2036
MinimumVisualStudioVersion = 10.0.40219.1
Project("{FAE04EC0-301F-11D3-BF4B-00C04F79EFBC}") = "NoLightNoLife", "NoLightNoLife\NoLightNoLife.csproj", "{C8BF274E-168E-444E-8E6E-CC586C668E7E}"
EndProject
Global
	GlobalSection(SolutionConfigurationPlatforms) = preSolution
		Debug|Any CPU = Debug|Any CPU
		Release|Any CPU = Release|Any CPU
	EndGlobalSection
	GlobalSection(ProjectConfigurationPlatforms) = postSolution
		{C8BF274E-168E-444E-8E6E-CC586C668E7E}.Debug|Any CPU.ActiveCfg = Debug|Any CPU
		{C8BF274E-168E-444E-8E6E-CC586C668E7E}.Debug|Any CPU.Build.0 = Debug|Any CPU
		{C8BF274E-168E-444E-8E6E-CC586C668E7E}.Release|Any CPU.ActiveCfg = Release|Any CPU
		{C8BF274E-168E-444E-8E6E-CC586C668E7E}.Release|Any CPU.Build.0 = Release|Any CPU
	EndGlobalSection
	GlobalSection(SolutionProperties) = preSolution
		HideSolutionNode = FALSE
	EndGlobalSection
	GlobalSection(ExtensibilityGlobals) = postSolution
		SolutionGuid = {DA856D93-598E-4323-84A7-BD22593F9D1F}
	EndGlobalSection
EndGlobal
